
Microsoft Visual Studio Solution File, Format Version 12.00
# Visual Studio Version 17
VisualStudioVersion = 17.5.33424.131
MinimumVisualStudioVersion = 10.0.40219.1
Project("{FAE04EC0-301F-11D3-BF4B-00C04F79EFBC}") = "spider", "spider.csproj", "{9553B7EA-6E45-466E-B248-301C5A0141EA}"
EndProject
Project("{54435603-DBB4-11D2-8724-00A0C9A8B90C}") = "kemonoSpider", "..\kemonoSpider\kemonoSpider.vdproj", "{85BC250F-9BF1-4356-BB4B-EE4DF8F82332}"
EndProject
Global
	GlobalSection(SolutionConfigurationPlatforms) = preSolution
		Debug|Any CPU = Debug|Any CPU
		Release|Any CPU = Release|Any CPU
	EndGlobalSection
	GlobalSection(ProjectConfigurationPlatforms) = postSolution
		{9553B7EA-6E45-466E-B248-301C5A0141EA}.Debug|Any CPU.ActiveCfg = Debug|Any CPU
		{9553B7EA-6E45-466E-B248-301C5A0141EA}.Debug|Any CPU.Build.0 = Debug|Any CPU
		{9553B7EA-6E45-466E-B248-301C5A0141EA}.Release|Any CPU.ActiveCfg = Release|Any CPU
		{9553B7EA-6E45-466E-B248-301C5A0141EA}.Release|Any CPU.Build.0 = Release|Any CPU
		{85BC250F-9BF1-4356-BB4B-EE4DF8F82332}.Debug|Any CPU.ActiveCfg = Debug
		{85BC250F-9BF1-4356-BB4B-EE4DF8F82332}.Release|Any CPU.ActiveCfg = Release
	EndGlobalSection
	GlobalSection(SolutionProperties) = preSolution
		HideSolutionNode = FALSE
	EndGlobalSection
	GlobalSection(ExtensibilityGlobals) = postSolution
		SolutionGuid = {66868607-4B1C-48A9-91F0-6128FAE69658}
	EndGlobalSection
EndGlobal
